
Microsoft Visual Studio Solution File, Format Version 12.00
# Visual Studio 15
VisualStudioVersion = 15.0.28307.102
MinimumVisualStudioVersion = 10.0.40219.1
Project("{FAE04EC0-301F-11D3-BF4B-00C04F79EFBC}") = "Blog.Data", "Blog.Data\Blog.Data.csproj", "{7B7420F0-33E0-43D6-93BB-4896E310B530}"
EndProject
Project("{FAE04EC0-301F-11D3-BF4B-00C04F79EFBC}") = "Blog.Services", "Blog.Services\Blog.Services.csproj", "{7D4973DD-00EB-4D88-9D04-72F8D93E83E6}"
EndProject
Project("{FAE04EC0-301F-11D3-BF4B-00C04F79EFBC}") = "Blog.Api", "Blog.Api\Blog.Api.csproj", "{1BBE2038-D191-4978-B44B-F8C7EC649FD6}"
EndProject
Project("{FAE04EC0-301F-11D3-BF4B-00C04F79EFBC}") = "Blog.ReactUI", "Blog.ReactUI\Blog.ReactUI.csproj", "{77ACB58A-6413-4B22-8435-E60487BCD6DE}"
EndProject
Project("{FAE04EC0-301F-11D3-BF4B-00C04F79EFBC}") = "Blog.Data.Tests", "Blog.Data.Tests\Blog.Data.Tests.csproj", "{67373EDF-4DFE-4887-B415-8678E5E9990A}"
EndProject
Project("{FAE04EC0-301F-11D3-BF4B-00C04F79EFBC}") = "Blog.Services.Tests", "Blog.Services.Tests\Blog.Services.Tests.csproj", "{2CA9B57B-BFC0-478E-9836-85A963081E24}"
EndProject
Project("{FAE04EC0-301F-11D3-BF4B-00C04F79EFBC}") = "Blog.Tests.Initialize", "Blog.Tests.Initialize\Blog.Tests.Initialize.csproj", "{EE79E29A-EE56-4567-ACFE-EF0345CD824B}"
EndProject
Project("{FAE04EC0-301F-11D3-BF4B-00C04F79EFBC}") = "Blog.Api.Tests", "Blog.Api.Tests\Blog.Api.Tests.csproj", "{7C589D70-E993-4D0D-A3B0-2097EA5712CC}"
EndProject
Project("{2150E333-8FDC-42A3-9474-1A3956D46DE8}") = "Tests", "Tests", "{7F1C3B30-8AC8-42EA-8395-BA98C161218B}"
EndProject
Global
	GlobalSection(SolutionConfigurationPlatforms) = preSolution
		Debug|Any CPU = Debug|Any CPU
		Release|Any CPU = Release|Any CPU
	EndGlobalSection
	GlobalSection(ProjectConfigurationPlatforms) = postSolution
		{7B7420F0-33E0-43D6-93BB-4896E310B530}.Debug|Any CPU.ActiveCfg = Debug|Any CPU
		{7B7420F0-33E0-43D6-93BB-4896E310B530}.Debug|Any CPU.Build.0 = Debug|Any CPU
		{7B7420F0-33E0-43D6-93BB-4896E310B530}.Release|Any CPU.ActiveCfg = Release|Any CPU
		{7B7420F0-33E0-43D6-93BB-4896E310B530}.Release|Any CPU.Build.0 = Release|Any CPU
		{7D4973DD-00EB-4D88-9D04-72F8D93E83E6}.Debug|Any CPU.ActiveCfg = Debug|Any CPU
		{7D4973DD-00EB-4D88-9D04-72F8D93E83E6}.Debug|Any CPU.Build.0 = Debug|Any CPU
		{7D4973DD-00EB-4D88-9D04-72F8D93E83E6}.Release|Any CPU.ActiveCfg = Release|Any CPU
		{7D4973DD-00EB-4D88-9D04-72F8D93E83E6}.Release|Any CPU.Build.0 = Release|Any CPU
		{1BBE2038-D191-4978-B44B-F8C7EC649FD6}.Debug|Any CPU.ActiveCfg = Debug|Any CPU
		{1BBE2038-D191-4978-B44B-F8C7EC649FD6}.Debug|Any CPU.Build.0 = Debug|Any CPU
		{1BBE2038-D191-4978-B44B-F8C7EC649FD6}.Release|Any CPU.ActiveCfg = Release|Any CPU
		{1BBE2038-D191-4978-B44B-F8C7EC649FD6}.Release|Any CPU.Build.0 = Release|Any CPU
		{77ACB58A-6413-4B22-8435-E60487BCD6DE}.Debug|Any CPU.ActiveCfg = Debug|Any CPU
		{77ACB58A-6413-4B22-8435-E60487BCD6DE}.Debug|Any CPU.Build.0 = Debug|Any CPU
		{77ACB58A-6413-4B22-8435-E60487BCD6DE}.Release|Any CPU.ActiveCfg = Release|Any CPU
		{77ACB58A-6413-4B22-8435-E60487BCD6DE}.Release|Any CPU.Build.0 = Release|Any CPU
		{67373EDF-4DFE-4887-B415-8678E5E9990A}.Debug|Any CPU.ActiveCfg = Debug|Any CPU
		{67373EDF-4DFE-4887-B415-8678E5E9990A}.Debug|Any CPU.Build.0 = Debug|Any CPU
		{67373EDF-4DFE-4887-B415-8678E5E9990A}.Release|Any CPU.ActiveCfg = Release|Any CPU
		{67373EDF-4DFE-4887-B415-8678E5E9990A}.Release|Any CPU.Build.0 = Release|Any CPU
		{2CA9B57B-BFC0-478E-9836-85A963081E24}.Debug|Any CPU.ActiveCfg = Debug|Any CPU
		{2CA9B57B-BFC0-478E-9836-85A963081E24}.Debug|Any CPU.Build.0 = Debug|Any CPU
		{2CA9B57B-BFC0-478E-9836-85A963081E24}.Release|Any CPU.ActiveCfg = Release|Any CPU
		{2CA9B57B-BFC0-478E-9836-85A963081E24}.Release|Any CPU.Build.0 = Release|Any CPU
		{EE79E29A-EE56-4567-ACFE-EF0345CD824B}.Debug|Any CPU.ActiveCfg = Debug|Any CPU
		{EE79E29A-EE56-4567-ACFE-EF0345CD824B}.Debug|Any CPU.Build.0 = Debug|Any CPU
		{EE79E29A-EE56-4567-ACFE-EF0345CD824B}.Release|Any CPU.ActiveCfg = Release|Any CPU
		{EE79E29A-EE56-4567-ACFE-EF0345CD824B}.Release|Any CPU.Build.0 = Release|Any CPU
		{7C589D70-E993-4D0D-A3B0-2097EA5712CC}.Debug|Any CPU.ActiveCfg = Debug|Any CPU
		{7C589D70-E993-4D0D-A3B0-2097EA5712CC}.Debug|Any CPU.Build.0 = Debug|Any CPU
		{7C589D70-E993-4D0D-A3B0-2097EA5712CC}.Release|Any CPU.ActiveCfg = Release|Any CPU
		{7C589D70-E993-4D0D-A3B0-2097EA5712CC}.Release|Any CPU.Build.0 = Release|Any CPU
	EndGlobalSection
	GlobalSection(SolutionProperties) = preSolution
		HideSolutionNode = FALSE
	EndGlobalSection
	GlobalSection(NestedProjects) = preSolution
		{67373EDF-4DFE-4887-B415-8678E5E9990A} = {7F1C3B30-8AC8-42EA-8395-BA98C161218B}
		{2CA9B57B-BFC0-478E-9836-85A963081E24} = {7F1C3B30-8AC8-42EA-8395-BA98C161218B}
		{EE79E29A-EE56-4567-ACFE-EF0345CD824B} = {7F1C3B30-8AC8-42EA-8395-BA98C161218B}
		{7C589D70-E993-4D0D-A3B0-2097EA5712CC} = {7F1C3B30-8AC8-42EA-8395-BA98C161218B}
	EndGlobalSection
	GlobalSection(ExtensibilityGlobals) = postSolution
		SolutionGuid = {D5B8AC75-C566-46D3-80C4-C6987DD75F05}
	EndGlobalSection
EndGlobal
